
Microsoft Visual Studio Solution File, Format Version 12.00
# Visual Studio 15
VisualStudioVersion = 15.0.28307.329
MinimumVisualStudioVersion = 10.0.40219.1
Project("{FAE04EC0-301F-11D3-BF4B-00C04F79EFBC}") = "realTimeNotificationExample.Web", "realTimeNotificationExample.Web\realTimeNotificationExample.Web.csproj", "{286884C6-1504-4A77-B993-020509FF59DE}"
EndProject
Global
	GlobalSection(SolutionConfigurationPlatforms) = preSolution
		Debug|Any CPU = Debug|Any CPU
		Release|Any CPU = Release|Any CPU
	EndGlobalSection
	GlobalSection(ProjectConfigurationPlatforms) = postSolution
		{286884C6-1504-4A77-B993-020509FF59DE}.Debug|Any CPU.ActiveCfg = Debug|Any CPU
		{286884C6-1504-4A77-B993-020509FF59DE}.Debug|Any CPU.Build.0 = Debug|Any CPU
		{286884C6-1504-4A77-B993-020509FF59DE}.Release|Any CPU.ActiveCfg = Release|Any CPU
		{286884C6-1504-4A77-B993-020509FF59DE}.Release|Any CPU.Build.0 = Release|Any CPU
	EndGlobalSection
	GlobalSection(SolutionProperties) = preSolution
		HideSolutionNode = FALSE
	EndGlobalSection
	GlobalSection(ExtensibilityGlobals) = postSolution
		SolutionGuid = {4D81B7D7-6F5C-434C-83D6-758C77ABCED5}
	EndGlobalSection
EndGlobal
